// !$*UTF8*$!
{
	archiveVersion = 1;
	classes = {
	};
	objectVersion = 56;
	objects = {

/* Begin PBXBuildFile section */
		7D4ECCB42C3A1981003C204B /* CreateNotification.swift in Sources */ = {isa = PBXBuildFile; fileRef = 7D4ECCB32C3A1981003C204B /* CreateNotification.swift */; };
		7D781E252C37C90F0012C399 /* AppDelegate.swift in Sources */ = {isa = PBXBuildFile; fileRef = 7D781E242C37C90F0012C399 /* AppDelegate.swift */; };
		7D781E272C37C90F0012C399 /* SceneDelegate.swift in Sources */ = {isa = PBXBuildFile; fileRef = 7D781E262C37C90F0012C399 /* SceneDelegate.swift */; };
		7D781E292C37C90F0012C399 /* ViewController.swift in Sources */ = {isa = PBXBuildFile; fileRef = 7D781E282C37C90F0012C399 /* ViewController.swift */; };
		7D781E2C2C37C90F0012C399 /* Main.storyboard in Resources */ = {isa = PBXBuildFile; fileRef = 7D781E2A2C37C90F0012C399 /* Main.storyboard */; };
		7D781E2E2C37C9130012C399 /* Assets.xcassets in Resources */ = {isa = PBXBuildFile; fileRef = 7D781E2D2C37C9130012C399 /* Assets.xcassets */; };
		7D781E312C37C9130012C399 /* LaunchScreen.storyboard in Resources */ = {isa = PBXBuildFile; fileRef = 7D781E2F2C37C9130012C399 /* LaunchScreen.storyboard */; };
		7D781E3B2C37D7410012C399 /* TimeIntervalViewController.swift in Sources */ = {isa = PBXBuildFile; fileRef = 7D781E3A2C37D7410012C399 /* TimeIntervalViewController.swift */; };
		7D781E512C380D710012C399 /* Animation.swift in Sources */ = {isa = PBXBuildFile; fileRef = 7D781E502C380D710012C399 /* Animation.swift */; };
		7D781E532C381DE80012C399 /* NotificationDetails.swift in Sources */ = {isa = PBXBuildFile; fileRef = 7D781E522C381DE80012C399 /* NotificationDetails.swift */; };
		7D781E582C381FD20012C399 /* Navigation.swift in Sources */ = {isa = PBXBuildFile; fileRef = 7D781E572C381FD20012C399 /* Navigation.swift */; };
		7D797C7E2C39642F005C9E76 /* Alart.swift in Sources */ = {isa = PBXBuildFile; fileRef = 7D797C7D2C39642F005C9E76 /* Alart.swift */; };
		7DAFF3072C42E1C0002890F4 /* tabViewController.swift in Sources */ = {isa = PBXBuildFile; fileRef = 7DAFF3062C42E1C0002890F4 /* tabViewController.swift */; };
		7DAFF3092C42E3E9002890F4 /* getStoredNotification.swift in Sources */ = {isa = PBXBuildFile; fileRef = 7DAFF3082C42E3E9002890F4 /* getStoredNotification.swift */; };
		7DAFF30B2C42EB5D002890F4 /* DateFormating.swift in Sources */ = {isa = PBXBuildFile; fileRef = 7DAFF30A2C42EB5D002890F4 /* DateFormating.swift */; };
		7DAFF3102C430E93002890F4 /* OldNotificationsViewController.swift in Sources */ = {isa = PBXBuildFile; fileRef = 7DAFF30F2C430E93002890F4 /* OldNotificationsViewController.swift */; };
		7DB5EC632C3ACE2600E3F3E2 /* TableViewCell.swift in Sources */ = {isa = PBXBuildFile; fileRef = 7DB5EC612C3ACE2600E3F3E2 /* TableViewCell.swift */; };
		7DB5EC642C3ACE2600E3F3E2 /* TableViewCell.xib in Resources */ = {isa = PBXBuildFile; fileRef = 7DB5EC622C3ACE2600E3F3E2 /* TableViewCell.xib */; };
		7DBAA41D2C3A085B0044B7CD /* Notifiaction.swift in Sources */ = {isa = PBXBuildFile; fileRef = 7DBAA41C2C3A085B0044B7CD /* Notifiaction.swift */; };
		7DE92F112CDDAA3300BCA8A3 /* LocalDataBase.swift in Sources */ = {isa = PBXBuildFile; fileRef = 7DE92F102CDDAA3300BCA8A3 /* LocalDataBase.swift */; };
		D64789F20F4F499125108D60 /* Pods_Notify_me.framework in Frameworks */ = {isa = PBXBuildFile; fileRef = 9CA9F00C57E8B667BA176E8D /* Pods_Notify_me.framework */; };
/* End PBXBuildFile section */

/* Begin PBXFileReference section */
		30436E1DAFF9AFAB5FF0DF78 /* Pods-Notify me.debug.xcconfig */ = {isa = PBXFileReference; includeInIndex = 1; lastKnownFileType = text.xcconfig; name = "Pods-Notify me.debug.xcconfig"; path = "Target Support Files/Pods-Notify me/Pods-Notify me.debug.xcconfig"; sourceTree = "<group>"; };
		7D4ECCB32C3A1981003C204B /* CreateNotification.swift */ = {isa = PBXFileReference; lastKnownFileType = sourcecode.swift; path = CreateNotification.swift; sourceTree = "<group>"; };
		7D781E212C37C90F0012C399 /* Notify me.app */ = {isa = PBXFileReference; explicitFileType = wrapper.application; includeInIndex = 0; path = "Notify me.app"; sourceTree = BUILT_PRODUCTS_DIR; };
		7D781E242C37C90F0012C399 /* AppDelegate.swift */ = {isa = PBXFileReference; lastKnownFileType = sourcecode.swift; path = AppDelegate.swift; sourceTree = "<group>"; };
		7D781E262C37C90F0012C399 /* SceneDelegate.swift */ = {isa = PBXFileReference; lastKnownFileType = sourcecode.swift; path = SceneDelegate.swift; sourceTree = "<group>"; };
		7D781E282C37C90F0012C399 /* ViewController.swift */ = {isa = PBXFileReference; lastKnownFileType = sourcecode.swift; path = ViewController.swift; sourceTree = "<group>"; };
		7D781E2B2C37C90F0012C399 /* Base */ = {isa = PBXFileReference; lastKnownFileType = file.storyboard; name = Base; path = Base.lproj/Main.storyboard; sourceTree = "<group>"; };
		7D781E2D2C37C9130012C399 /* Assets.xcassets */ = {isa = PBXFileReference; lastKnownFileType = folder.assetcatalog; path = Assets.xcassets; sourceTree = "<group>"; };
		7D781E302C37C9130012C399 /* Base */ = {isa = PBXFileReference; lastKnownFileType = file.storyboard; name = Base; path = Base.lproj/LaunchScreen.storyboard; sourceTree = "<group>"; };
		7D781E322C37C9130012C399 /* Info.plist */ = {isa = PBXFileReference; lastKnownFileType = text.plist.xml; path = Info.plist; sourceTree = "<group>"; };
		7D781E3A2C37D7410012C399 /* TimeIntervalViewController.swift */ = {isa = PBXFileReference; lastKnownFileType = sourcecode.swift; path = TimeIntervalViewController.swift; sourceTree = "<group>"; };
		7D781E502C380D710012C399 /* Animation.swift */ = {isa = PBXFileReference; lastKnownFileType = sourcecode.swift; path = Animation.swift; sourceTree = "<group>"; };
		7D781E522C381DE80012C399 /* NotificationDetails.swift */ = {isa = PBXFileReference; lastKnownFileType = sourcecode.swift; path = NotificationDetails.swift; sourceTree = "<group>"; };
		7D781E572C381FD20012C399 /* Navigation.swift */ = {isa = PBXFileReference; lastKnownFileType = sourcecode.swift; path = Navigation.swift; sourceTree = "<group>"; };
		7D797C7D2C39642F005C9E76 /* Alart.swift */ = {isa = PBXFileReference; lastKnownFileType = sourcecode.swift; path = Alart.swift; sourceTree = "<group>"; };
		7DAFF3062C42E1C0002890F4 /* tabViewController.swift */ = {isa = PBXFileReference; lastKnownFileType = sourcecode.swift; path = tabViewController.swift; sourceTree = "<group>"; };
		7DAFF3082C42E3E9002890F4 /* getStoredNotification.swift */ = {isa = PBXFileReference; lastKnownFileType = sourcecode.swift; path = getStoredNotification.swift; sourceTree = "<group>"; };
		7DAFF30A2C42EB5D002890F4 /* DateFormating.swift */ = {isa = PBXFileReference; lastKnownFileType = sourcecode.swift; path = DateFormating.swift; sourceTree = "<group>"; };
		7DAFF30F2C430E93002890F4 /* OldNotificationsViewController.swift */ = {isa = PBXFileReference; lastKnownFileType = sourcecode.swift; path = OldNotificationsViewController.swift; sourceTree = "<group>"; };
		7DB5EC612C3ACE2600E3F3E2 /* TableViewCell.swift */ = {isa = PBXFileReference; lastKnownFileType = sourcecode.swift; path = TableViewCell.swift; sourceTree = "<group>"; };
		7DB5EC622C3ACE2600E3F3E2 /* TableViewCell.xib */ = {isa = PBXFileReference; lastKnownFileType = file.xib; path = TableViewCell.xib; sourceTree = "<group>"; };
		7DBAA41C2C3A085B0044B7CD /* Notifiaction.swift */ = {isa = PBXFileReference; lastKnownFileType = sourcecode.swift; path = Notifiaction.swift; sourceTree = "<group>"; };
		7DE92F102CDDAA3300BCA8A3 /* LocalDataBase.swift */ = {isa = PBXFileReference; lastKnownFileType = sourcecode.swift; path = LocalDataBase.swift; sourceTree = "<group>"; };
		9CA9F00C57E8B667BA176E8D /* Pods_Notify_me.framework */ = {isa = PBXFileReference; explicitFileType = wrapper.framework; includeInIndex = 0; path = Pods_Notify_me.framework; sourceTree = BUILT_PRODUCTS_DIR; };
		D689B1C5562CE2F1D9396136 /* Pods-Notify me.release.xcconfig */ = {isa = PBXFileReference; includeInIndex = 1; lastKnownFileType = text.xcconfig; name = "Pods-Notify me.release.xcconfig"; path = "Target Support Files/Pods-Notify me/Pods-Notify me.release.xcconfig"; sourceTree = "<group>"; };
/* End PBXFileReference section */

/* Begin PBXFrameworksBuildPhase section */
		7D781E1E2C37C90F0012C399 /* Frameworks */ = {
			isa = PBXFrameworksBuildPhase;
			buildActionMask = 2147483647;
			files = (
				D64789F20F4F499125108D60 /* Pods_Notify_me.framework in Frameworks */,
			);
			runOnlyForDeploymentPostprocessing = 0;
		};
/* End PBXFrameworksBuildPhase section */

/* Begin PBXGroup section */
		7D781E182C37C90F0012C399 = {
			isa = PBXGroup;
			children = (
				7D781E232C37C90F0012C399 /* Notify me */,
				7D781E222C37C90F0012C399 /* Products */,
				E6738C3D8BF909778CBCCEAD /* Pods */,
				A8D3ED65B7BA8DB830B5DD3F /* Frameworks */,
			);
			sourceTree = "<group>";
		};
		7D781E222C37C90F0012C399 /* Products */ = {
			isa = PBXGroup;
			children = (
				7D781E212C37C90F0012C399 /* Notify me.app */,
			);
			name = Products;
			sourceTree = "<group>";
		};
		7D781E232C37C90F0012C399 /* Notify me */ = {
			isa = PBXGroup;
			children = (
				7D781E3F2C37F88F0012C399 /* model */,
				7D781E3E2C37F8830012C399 /* view */,
				7D781E4F2C37F9660012C399 /* viewModel */,
				7DE92F0F2CDDAA2200BCA8A3 /* dataBase */,
				7D781E562C381FB30012C399 /* utility */,
				7D781E242C37C90F0012C399 /* AppDelegate.swift */,
				7D781E262C37C90F0012C399 /* SceneDelegate.swift */,
				7D781E2D2C37C9130012C399 /* Assets.xcassets */,
				7D781E322C37C9130012C399 /* Info.plist */,
			);
			path = "Notify me";
			sourceTree = "<group>";
		};
		7D781E3E2C37F8830012C399 /* view */ = {
			isa = PBXGroup;
			children = (
				7D781E452C37F9080012C399 /* home */,
				7DAFF30D2C430E6C002890F4 /* oldNotifications */,
				7D781E4E2C37F9610012C399 /* addNotifcation */,
				7D781E542C381DF60012C399 /* notificationDetails */,
				7D781E2A2C37C90F0012C399 /* Main.storyboard */,
				7D781E2F2C37C9130012C399 /* LaunchScreen.storyboard */,
			);
			path = view;
			sourceTree = "<group>";
		};
		7D781E3F2C37F88F0012C399 /* model */ = {
			isa = PBXGroup;
			children = (
				7DBAA41C2C3A085B0044B7CD /* Notifiaction.swift */,
			);
			path = model;
			sourceTree = "<group>";
		};
		7D781E452C37F9080012C399 /* home */ = {
			isa = PBXGroup;
			children = (
				7D781E282C37C90F0012C399 /* ViewController.swift */,
				7DB5EC612C3ACE2600E3F3E2 /* TableViewCell.swift */,
				7DB5EC622C3ACE2600E3F3E2 /* TableViewCell.xib */,
				7DAFF3062C42E1C0002890F4 /* tabViewController.swift */,
			);
			path = home;
			sourceTree = "<group>";
		};
		7D781E4E2C37F9610012C399 /* addNotifcation */ = {
			isa = PBXGroup;
			children = (
				7D781E502C380D710012C399 /* Animation.swift */,
				7D781E3A2C37D7410012C399 /* TimeIntervalViewController.swift */,
			);
			path = addNotifcation;
			sourceTree = "<group>";
		};
		7D781E4F2C37F9660012C399 /* viewModel */ = {
			isa = PBXGroup;
			children = (
				7D4ECCB32C3A1981003C204B /* CreateNotification.swift */,
				7DAFF3082C42E3E9002890F4 /* getStoredNotification.swift */,
			);
			path = viewModel;
			sourceTree = "<group>";
		};
		7D781E542C381DF60012C399 /* notificationDetails */ = {
			isa = PBXGroup;
			children = (
				7D781E522C381DE80012C399 /* NotificationDetails.swift */,
			);
			path = notificationDetails;
			sourceTree = "<group>";
		};
		7D781E562C381FB30012C399 /* utility */ = {
			isa = PBXGroup;
			children = (
				7DAFF30A2C42EB5D002890F4 /* DateFormating.swift */,
				7D781E572C381FD20012C399 /* Navigation.swift */,
				7D797C7D2C39642F005C9E76 /* Alart.swift */,
			);
			path = utility;
			sourceTree = "<group>";
		};
		7DAFF30D2C430E6C002890F4 /* oldNotifications */ = {
			isa = PBXGroup;
			children = (
				7DAFF30F2C430E93002890F4 /* OldNotificationsViewController.swift */,
			);
			path = oldNotifications;
			sourceTree = "<group>";
		};
		7DE92F0F2CDDAA2200BCA8A3 /* dataBase */ = {
			isa = PBXGroup;
			children = (
				7DE92F102CDDAA3300BCA8A3 /* LocalDataBase.swift */,
			);
			path = dataBase;
			sourceTree = "<group>";
		};
		A8D3ED65B7BA8DB830B5DD3F /* Frameworks */ = {
			isa = PBXGroup;
			children = (
				9CA9F00C57E8B667BA176E8D /* Pods_Notify_me.framework */,
			);
			name = Frameworks;
			sourceTree = "<group>";
		};
		E6738C3D8BF909778CBCCEAD /* Pods */ = {
			isa = PBXGroup;
			children = (
				30436E1DAFF9AFAB5FF0DF78 /* Pods-Notify me.debug.xcconfig */,
				D689B1C5562CE2F1D9396136 /* Pods-Notify me.release.xcconfig */,
			);
			path = Pods;
			sourceTree = "<group>";
		};
/* End PBXGroup section */

/* Begin PBXNativeTarget section */
		7D781E202C37C90F0012C399 /* Notify me */ = {
			isa = PBXNativeTarget;
			buildConfigurationList = 7D781E352C37C9130012C399 /* Build configuration list for PBXNativeTarget "Notify me" */;
			buildPhases = (
				4D141CEB18E57CA3FA6A0C0C /* [CP] Check Pods Manifest.lock */,
				7D781E1D2C37C90F0012C399 /* Sources */,
				7D781E1E2C37C90F0012C399 /* Frameworks */,
				7D781E1F2C37C90F0012C399 /* Resources */,
				D1F0A08E65EEB21D5747B6E4 /* [CP] Embed Pods Frameworks */,
			);
			buildRules = (
			);
			dependencies = (
			);
			name = "Notify me";
			productName = "Notify me";
			productReference = 7D781E212C37C90F0012C399 /* Notify me.app */;
			productType = "com.apple.product-type.application";
		};
/* End PBXNativeTarget section */

/* Begin PBXProject section */
		7D781E192C37C90F0012C399 /* Project object */ = {
			isa = PBXProject;
			attributes = {
				BuildIndependentTargetsInParallel = 1;
				LastSwiftUpdateCheck = 1520;
				LastUpgradeCheck = 1520;
				TargetAttributes = {
					7D781E202C37C90F0012C399 = {
						CreatedOnToolsVersion = 15.2;
					};
				};
			};
			buildConfigurationList = 7D781E1C2C37C90F0012C399 /* Build configuration list for PBXProject "Notify me" */;
			compatibilityVersion = "Xcode 14.0";
			developmentRegion = en;
			hasScannedForEncodings = 0;
			knownRegions = (
				en,
				Base,
			);
			mainGroup = 7D781E182C37C90F0012C399;
			productRefGroup = 7D781E222C37C90F0012C399 /* Products */;
			projectDirPath = "";
			projectRoot = "";
			targets = (
				7D781E202C37C90F0012C399 /* Notify me */,
			);
		};
/* End PBXProject section */

/* Begin PBXResourcesBuildPhase section */
		7D781E1F2C37C90F0012C399 /* Resources */ = {
			isa = PBXResourcesBuildPhase;
			buildActionMask = 2147483647;
			files = (
				7D781E312C37C9130012C399 /* LaunchScreen.storyboard in Resources */,
				7DB5EC642C3ACE2600E3F3E2 /* TableViewCell.xib in Resources */,
				7D781E2E2C37C9130012C399 /* Assets.xcassets in Resources */,
				7D781E2C2C37C90F0012C399 /* Main.storyboard in Resources */,
			);
			runOnlyForDeploymentPostprocessing = 0;
		};
/* End PBXResourcesBuildPhase section */

/* Begin PBXShellScriptBuildPhase section */
		4D141CEB18E57CA3FA6A0C0C /* [CP] Check Pods Manifest.lock */ = {
			isa = PBXShellScriptBuildPhase;
			buildActionMask = 2147483647;
			files = (
			);
			inputFileListPaths = (
			);
			inputPaths = (
				"${PODS_PODFILE_DIR_PATH}/Podfile.lock",
				"${PODS_ROOT}/Manifest.lock",
			);
			name = "[CP] Check Pods Manifest.lock";
			outputFileListPaths = (
			);
			outputPaths = (
				"$(DERIVED_FILE_DIR)/Pods-Notify me-checkManifestLockResult.txt",
			);
			runOnlyForDeploymentPostprocessing = 0;
			shellPath = /bin/sh;
			shellScript = "diff \"${PODS_PODFILE_DIR_PATH}/Podfile.lock\" \"${PODS_ROOT}/Manifest.lock\" > /dev/null\nif [ $? != 0 ] ; then\n    # print error to STDERR\n    echo \"error: The sandbox is not in sync with the Podfile.lock. Run 'pod install' or update your CocoaPods installation.\" >&2\n    exit 1\nfi\n# This output is used by Xcode 'outputs' to avoid re-running this script phase.\necho \"SUCCESS\" > \"${SCRIPT_OUTPUT_FILE_0}\"\n";
			showEnvVarsInLog = 0;
		};
		D1F0A08E65EEB21D5747B6E4 /* [CP] Embed Pods Frameworks */ = {
			isa = PBXShellScriptBuildPhase;
			buildActionMask = 2147483647;
			files = (
			);
			inputFileListPaths = (
				"${PODS_ROOT}/Target Support Files/Pods-Notify me/Pods-Notify me-frameworks-${CONFIGURATION}-input-files.xcfilelist",
			);
			name = "[CP] Embed Pods Frameworks";
			outputFileListPaths = (
				"${PODS_ROOT}/Target Support Files/Pods-Notify me/Pods-Notify me-frameworks-${CONFIGURATION}-output-files.xcfilelist",
			);
			runOnlyForDeploymentPostprocessing = 0;
			shellPath = /bin/sh;
			shellScript = "\"${PODS_ROOT}/Target Support Files/Pods-Notify me/Pods-Notify me-frameworks.sh\"\n";
			showEnvVarsInLog = 0;
		};
/* End PBXShellScriptBuildPhase section */

/* Begin PBXSourcesBuildPhase section */
		7D781E1D2C37C90F0012C399 /* Sources */ = {
			isa = PBXSourcesBuildPhase;
			buildActionMask = 2147483647;
			files = (
				7D781E532C381DE80012C399 /* NotificationDetails.swift in Sources */,
				7D781E292C37C90F0012C399 /* ViewController.swift in Sources */,
				7DAFF3072C42E1C0002890F4 /* tabViewController.swift in Sources */,
				7D797C7E2C39642F005C9E76 /* Alart.swift in Sources */,
				7D4ECCB42C3A1981003C204B /* CreateNotification.swift in Sources */,
				7DAFF30B2C42EB5D002890F4 /* DateFormating.swift in Sources */,
				7DAFF3102C430E93002890F4 /* OldNotificationsViewController.swift in Sources */,
				7DBAA41D2C3A085B0044B7CD /* Notifiaction.swift in Sources */,
				7D781E252C37C90F0012C399 /* AppDelegate.swift in Sources */,
				7D781E272C37C90F0012C399 /* SceneDelegate.swift in Sources */,
				7D781E582C381FD20012C399 /* Navigation.swift in Sources */,
				7DB5EC632C3ACE2600E3F3E2 /* TableViewCell.swift in Sources */,
				7D781E512C380D710012C399 /* Animation.swift in Sources */,
				7DAFF3092C42E3E9002890F4 /* getStoredNotification.swift in Sources */,
				7DE92F112CDDAA3300BCA8A3 /* LocalDataBase.swift in Sources */,
				7D781E3B2C37D7410012C399 /* TimeIntervalViewController.swift in Sources */,
			);
			runOnlyForDeploymentPostprocessing = 0;
		};
/* End PBXSourcesBuildPhase section */

/* Begin PBXVariantGroup section */
		7D781E2A2C37C90F0012C399 /* Main.storyboard */ = {
			isa = PBXVariantGroup;
			children = (
				7D781E2B2C37C90F0012C399 /* Base */,
			);
			name = Main.storyboard;
			sourceTree = "<group>";
		};
		7D781E2F2C37C9130012C399 /* LaunchScreen.storyboard */ = {
			isa = PBXVariantGroup;
			children = (
				7D781E302C37C9130012C399 /* Base */,
			);
			name = LaunchScreen.storyboard;
			sourceTree = "<group>";
		};
/* End PBXVariantGroup section */

/* Begin XCBuildConfiguration section */
		7D781E332C37C9130012C399 /* Debug */ = {
			isa = XCBuildConfiguration;
			buildSettings = {
				ALWAYS_SEARCH_USER_PATHS = NO;
				ASSETCATALOG_COMPILER_GENERATE_SWIFT_ASSET_SYMBOL_EXTENSIONS = YES;
				CLANG_ANALYZER_NONNULL = YES;
				CLANG_ANALYZER_NUMBER_OBJECT_CONVERSION = YES_AGGRESSIVE;
				CLANG_CXX_LANGUAGE_STANDARD = "gnu++20";
				CLANG_ENABLE_MODULES = YES;
				CLANG_ENABLE_OBJC_ARC = YES;
				CLANG_ENABLE_OBJC_WEAK = YES;
				CLANG_WARN_BLOCK_CAPTURE_AUTORELEASING = YES;
				CLANG_WARN_BOOL_CONVERSION = YES;
				CLANG_WARN_COMMA = YES;
				CLANG_WARN_CONSTANT_CONVERSION = YES;
				CLANG_WARN_DEPRECATED_OBJC_IMPLEMENTATIONS = YES;
				CLANG_WARN_DIRECT_OBJC_ISA_USAGE = YES_ERROR;
				CLANG_WARN_DOCUMENTATION_COMMENTS = YES;
				CLANG_WARN_EMPTY_BODY = YES;
				CLANG_WARN_ENUM_CONVERSION = YES;
				CLANG_WARN_INFINITE_RECURSION = YES;
				CLANG_WARN_INT_CONVERSION = YES;
				CLANG_WARN_NON_LITERAL_NULL_CONVERSION = YES;
				CLANG_WARN_OBJC_IMPLICIT_RETAIN_SELF = YES;
				CLANG_WARN_OBJC_LITERAL_CONVERSION = YES;
				CLANG_WARN_OBJC_ROOT_CLASS = YES_ERROR;
				CLANG_WARN_QUOTED_INCLUDE_IN_FRAMEWORK_HEADER = YES;
				CLANG_WARN_RANGE_LOOP_ANALYSIS = YES;
				CLANG_WARN_STRICT_PROTOTYPES = YES;
				CLANG_WARN_SUSPICIOUS_MOVE = YES;
				CLANG_WARN_UNGUARDED_AVAILABILITY = YES_AGGRESSIVE;
				CLANG_WARN_UNREACHABLE_CODE = YES;
				CLANG_WARN__DUPLICATE_METHOD_MATCH = YES;
				COPY_PHASE_STRIP = NO;
				DEBUG_INFORMATION_FORMAT = dwarf;
				ENABLE_STRICT_OBJC_MSGSEND = YES;
				ENABLE_TESTABILITY = YES;
				ENABLE_USER_SCRIPT_SANDBOXING = NO;
				GCC_C_LANGUAGE_STANDARD = gnu17;
				GCC_DYNAMIC_NO_PIC = NO;
				GCC_NO_COMMON_BLOCKS = YES;
				GCC_OPTIMIZATION_LEVEL = 0;
				GCC_PREPROCESSOR_DEFINITIONS = (
					"DEBUG=1",
					"$(inherited)",
				);
				GCC_WARN_64_TO_32_BIT_CONVERSION = YES;
				GCC_WARN_ABOUT_RETURN_TYPE = YES_ERROR;
				GCC_WARN_UNDECLARED_SELECTOR = YES;
				GCC_WARN_UNINITIALIZED_AUTOS = YES_AGGRESSIVE;
				GCC_WARN_UNUSED_FUNCTION = YES;
				GCC_WARN_UNUSED_VARIABLE = YES;
				IPHONEOS_DEPLOYMENT_TARGET = 17.2;
				LOCALIZATION_PREFERS_STRING_CATALOGS = YES;
				MTL_ENABLE_DEBUG_INFO = INCLUDE_SOURCE;
				MTL_FAST_MATH = YES;
				ONLY_ACTIVE_ARCH = YES;
				SDKROOT = iphoneos;
				SWIFT_ACTIVE_COMPILATION_CONDITIONS = "DEBUG $(inherited)";
				SWIFT_OPTIMIZATION_LEVEL = "-Onone";
			};
			name = Debug;
		};
		7D781E342C37C9130012C399 /* Release */ = {
			isa = XCBuildConfiguration;
			buildSettings = {
				ALWAYS_SEARCH_USER_PATHS = NO;
				ASSETCATALOG_COMPILER_GENERATE_SWIFT_ASSET_SYMBOL_EXTENSIONS = YES;
				CLANG_ANALYZER_NONNULL = YES;
				CLANG_ANALYZER_NUMBER_OBJECT_CONVERSION = YES_AGGRESSIVE;
				CLANG_CXX_LANGUAGE_STANDARD = "gnu++20";
				CLANG_ENABLE_MODULES = YES;
				CLANG_ENABLE_OBJC_ARC = YES;
				CLANG_ENABLE_OBJC_WEAK = YES;
				CLANG_WARN_BLOCK_CAPTURE_AUTORELEASING = YES;
				CLANG_WARN_BOOL_CONVERSION = YES;
				CLANG_WARN_COMMA = YES;
				CLANG_WARN_CONSTANT_CONVERSION = YES;
				CLANG_WARN_DEPRECATED_OBJC_IMPLEMENTATIONS = YES;
				CLANG_WARN_DIRECT_OBJC_ISA_USAGE = YES_ERROR;
				CLANG_WARN_DOCUMENTATION_COMMENTS = YES;
				CLANG_WARN_EMPTY_BODY = YES;
				CLANG_WARN_ENUM_CONVERSION = YES;
				CLANG_WARN_INFINITE_RECURSION = YES;
				CLANG_WARN_INT_CONVERSION = YES;
				CLANG_WARN_NON_LITERAL_NULL_CONVERSION = YES;
				CLANG_WARN_OBJC_IMPLICIT_RETAIN_SELF = YES;
				CLANG_WARN_OBJC_LITERAL_CONVERSION = YES;
				CLANG_WARN_OBJC_ROOT_CLASS = YES_ERROR;
				CLANG_WARN_QUOTED_INCLUDE_IN_FRAMEWORK_HEADER = YES;
				CLANG_WARN_RANGE_LOOP_ANALYSIS = YES;
				CLANG_WARN_STRICT_PROTOTYPES = YES;
				CLANG_WARN_SUSPICIOUS_MOVE = YES;
				CLANG_WARN_UNGUARDED_AVAILABILITY = YES_AGGRESSIVE;
				CLANG_WARN_UNREACHABLE_CODE = YES;
				CLANG_WARN__DUPLICATE_METHOD_MATCH = YES;
				COPY_PHASE_STRIP = NO;
				DEBUG_INFORMATION_FORMAT = "dwarf-with-dsym";
				ENABLE_NS_ASSERTIONS = NO;
				ENABLE_STRICT_OBJC_MSGSEND = YES;
				ENABLE_USER_SCRIPT_SANDBOXING = NO;
				GCC_C_LANGUAGE_STANDARD = gnu17;
				GCC_NO_COMMON_BLOCKS = YES;
				GCC_WARN_64_TO_32_BIT_CONVERSION = YES;
				GCC_WARN_ABOUT_RETURN_TYPE = YES_ERROR;
				GCC_WARN_UNDECLARED_SELECTOR = YES;
				GCC_WARN_UNINITIALIZED_AUTOS = YES_AGGRESSIVE;
				GCC_WARN_UNUSED_FUNCTION = YES;
				GCC_WARN_UNUSED_VARIABLE = YES;
				IPHONEOS_DEPLOYMENT_TARGET = 17.2;
				LOCALIZATION_PREFERS_STRING_CATALOGS = YES;
				MTL_ENABLE_DEBUG_INFO = NO;
				MTL_FAST_MATH = YES;
				SDKROOT = iphoneos;
				SWIFT_COMPILATION_MODE = wholemodule;
				VALIDATE_PRODUCT = YES;
			};
			name = Release;
		};
		7D781E362C37C9130012C399 /* Debug */ = {
			isa = XCBuildConfiguration;
			baseConfigurationReference = 30436E1DAFF9AFAB5FF0DF78 /* Pods-Notify me.debug.xcconfig */;
			buildSettings = {
				ASSETCATALOG_COMPILER_APPICON_NAME = AppIcon;
				ASSETCATALOG_COMPILER_GLOBAL_ACCENT_COLOR_NAME = AccentColor;
				CODE_SIGN_STYLE = Automatic;
				CURRENT_PROJECT_VERSION = 1;
				GENERATE_INFOPLIST_FILE = YES;
				INFOPLIST_FILE = "Notify me/Info.plist";
				INFOPLIST_KEY_UIApplicationSupportsIndirectInputEvents = YES;
				INFOPLIST_KEY_UILaunchStoryboardName = LaunchScreen;
				INFOPLIST_KEY_UIMainStoryboardFile = Main;
				INFOPLIST_KEY_UISupportedInterfaceOrientations_iPad = "UIInterfaceOrientationPortrait UIInterfaceOrientationPortraitUpsideDown UIInterfaceOrientationLandscapeLeft UIInterfaceOrientationLandscapeRight";
				INFOPLIST_KEY_UISupportedInterfaceOrientations_iPhone = "UIInterfaceOrientationPortrait UIInterfaceOrientationLandscapeLeft UIInterfaceOrientationLandscapeRight";
				LD_RUNPATH_SEARCH_PATHS = (
					"$(inherited)",
					"@executable_path/Frameworks",
				);
				MARKETING_VERSION = 1.0;
				PRODUCT_BUNDLE_IDENTIFIER = "l.Notify-me";
				PRODUCT_NAME = "$(TARGET_NAME)";
				SWIFT_EMIT_LOC_STRINGS = YES;
				SWIFT_VERSION = 5.0;
				TARGETED_DEVICE_FAMILY = "1,2";
			};
			name = Debug;
		};
		7D781E372C37C9130012C399 /* Release */ = {
			isa = XCBuildConfiguration;
			baseConfigurationReference = D689B1C5562CE2F1D9396136 /* Pods-Notify me.release.xcconfig */;
			buildSettings = {
				ASSETCATALOG_COMPILER_APPICON_NAME = AppIcon;
				ASSETCATALOG_COMPILER_GLOBAL_ACCENT_COLOR_NAME = AccentColor;
				CODE_SIGN_STYLE = Automatic;
				CURRENT_PROJECT_VERSION = 1;
				GENERATE_INFOPLIST_FILE = YES;
				INFOPLIST_FILE = "Notify me/Info.plist";
				INFOPLIST_KEY_UIApplicationSupportsIndirectInputEvents = YES;
				INFOPLIST_KEY_UILaunchStoryboardName = LaunchScreen;
				INFOPLIST_KEY_UIMainStoryboardFile = Main;
				INFOPLIST_KEY_UISupportedInterfaceOrientations_iPad = "UIInterfaceOrientationPortrait UIInterfaceOrientationPortraitUpsideDown UIInterfaceOrientationLandscapeLeft UIInterfaceOrientationLandscapeRight";
				INFOPLIST_KEY_UISupportedInterfaceOrientations_iPhone = "UIInterfaceOrientationPortrait UIInterfaceOrientationLandscapeLeft UIInterfaceOrientationLandscapeRight";
				LD_RUNPATH_SEARCH_PATHS = (
					"$(inherited)",
					"@executable_path/Frameworks",
				);
				MARKETING_VERSION = 1.0;
				PRODUCT_BUNDLE_IDENTIFIER = "l.Notify-me";
				PRODUCT_NAME = "$(TARGET_NAME)";
				SWIFT_EMIT_LOC_STRINGS = YES;
				SWIFT_VERSION = 5.0;
				TARGETED_DEVICE_FAMILY = "1,2";
			};
			name = Release;
		};
/* End XCBuildConfiguration section */

/* Begin XCConfigurationList section */
		7D781E1C2C37C90F0012C399 /* Build configuration list for PBXProject "Notify me" */ = {
			isa = XCConfigurationList;
			buildConfigurations = (
				7D781E332C37C9130012C399 /* Debug */,
				7D781E342C37C9130012C399 /* Release */,
			);
			defaultConfigurationIsVisible = 0;
			defaultConfigurationName = Release;
		};
		7D781E352C37C9130012C399 /* Build configuration list for PBXNativeTarget "Notify me" */ = {
			isa = XCConfigurationList;
			buildConfigurations = (
				7D781E362C37C9130012C399 /* Debug */,
				7D781E372C37C9130012C399 /* Release */,
			);
			defaultConfigurationIsVisible = 0;
			defaultConfigurationName = Release;
		};
/* End XCConfigurationList section */
	};
	rootObject = 7D781E192C37C90F0012C399 /* Project object */;
}
